
Microsoft Visual Studio Solution File, Format Version 12.00
# Visual Studio 14
VisualStudioVersion = 14.0.25420.1
MinimumVisualStudioVersion = 10.0.40219.1
Project("{FAE04EC0-301F-11D3-BF4B-00C04F79EFBC}") = "April", "April\April.csproj", "{79F28475-F459-444C-9D1A-24C7F5524DCE}"
EndProject
Project("{FAE04EC0-301F-11D3-BF4B-00C04F79EFBC}") = "April.ConvertJsonToDataTable", "April.ConvertJsonToDataTable\April.ConvertJsonToDataTable.csproj", "{1DBB43AB-5C13-45B6-AD16-8E4C30BF1099}"
EndProject
Project("{FAE04EC0-301F-11D3-BF4B-00C04F79EFBC}") = "April.Custom", "April.Custom\April.Custom.csproj", "{DA2F548A-FB07-4E14-A503-767B71E04B11}"
EndProject
Global
	GlobalSection(SolutionConfigurationPlatforms) = preSolution
		Debug|Any CPU = Debug|Any CPU
		Release|Any CPU = Release|Any CPU
	EndGlobalSection
	GlobalSection(ProjectConfigurationPlatforms) = postSolution
		{79F28475-F459-444C-9D1A-24C7F5524DCE}.Debug|Any CPU.ActiveCfg = Debug|Any CPU
		{79F28475-F459-444C-9D1A-24C7F5524DCE}.Debug|Any CPU.Build.0 = Debug|Any CPU
		{79F28475-F459-444C-9D1A-24C7F5524DCE}.Release|Any CPU.ActiveCfg = Release|Any CPU
		{79F28475-F459-444C-9D1A-24C7F5524DCE}.Release|Any CPU.Build.0 = Release|Any CPU
		{1DBB43AB-5C13-45B6-AD16-8E4C30BF1099}.Debug|Any CPU.ActiveCfg = Debug|Any CPU
		{1DBB43AB-5C13-45B6-AD16-8E4C30BF1099}.Debug|Any CPU.Build.0 = Debug|Any CPU
		{1DBB43AB-5C13-45B6-AD16-8E4C30BF1099}.Release|Any CPU.ActiveCfg = Release|Any CPU
		{1DBB43AB-5C13-45B6-AD16-8E4C30BF1099}.Release|Any CPU.Build.0 = Release|Any CPU
		{DA2F548A-FB07-4E14-A503-767B71E04B11}.Debug|Any CPU.ActiveCfg = Debug|Any CPU
		{DA2F548A-FB07-4E14-A503-767B71E04B11}.Debug|Any CPU.Build.0 = Debug|Any CPU
		{DA2F548A-FB07-4E14-A503-767B71E04B11}.Release|Any CPU.ActiveCfg = Release|Any CPU
		{DA2F548A-FB07-4E14-A503-767B71E04B11}.Release|Any CPU.Build.0 = Release|Any CPU
	EndGlobalSection
	GlobalSection(SolutionProperties) = preSolution
		HideSolutionNode = FALSE
	EndGlobalSection
EndGlobal
